
Microsoft Visual Studio Solution File, Format Version 12.00
# Visual Studio 15
Project("{FAE04EC0-301F-11D3-BF4B-00C04F79EFBC}") = "DonutsCoffees.Api", "DonutsCoffees.Api\DonutsCoffees.Api.csproj", "{63697BC3-EAAF-43F6-BEDB-8B705CEA614B}"
EndProject
Project("{FAE04EC0-301F-11D3-BF4B-00C04F79EFBC}") = "DonutsCoffees.Api.Tests", "DonutsCoffees.Api.Tests\DonutsCoffees.Api.Tests.csproj", "{A74E860D-0764-422B-8369-5374AC2E51D7}"
EndProject
Global
	GlobalSection(SolutionConfigurationPlatforms) = preSolution
		Debug|Any CPU = Debug|Any CPU
		Release|Any CPU = Release|Any CPU
	EndGlobalSection
	GlobalSection(ProjectConfigurationPlatforms) = postSolution
		{63697BC3-EAAF-43F6-BEDB-8B705CEA614B}.Debug|Any CPU.ActiveCfg = Debug|Any CPU
		{63697BC3-EAAF-43F6-BEDB-8B705CEA614B}.Debug|Any CPU.Build.0 = Debug|Any CPU
		{63697BC3-EAAF-43F6-BEDB-8B705CEA614B}.Release|Any CPU.ActiveCfg = Release|Any CPU
		{63697BC3-EAAF-43F6-BEDB-8B705CEA614B}.Release|Any CPU.Build.0 = Release|Any CPU
		{A74E860D-0764-422B-8369-5374AC2E51D7}.Debug|Any CPU.ActiveCfg = Debug|Any CPU
		{A74E860D-0764-422B-8369-5374AC2E51D7}.Debug|Any CPU.Build.0 = Debug|Any CPU
		{A74E860D-0764-422B-8369-5374AC2E51D7}.Release|Any CPU.ActiveCfg = Release|Any CPU
		{A74E860D-0764-422B-8369-5374AC2E51D7}.Release|Any CPU.Build.0 = Release|Any CPU
	EndGlobalSection
EndGlobal
